
Microsoft Visual Studio Solution File, Format Version 12.00
# Visual Studio Version 17
VisualStudioVersion = 17.9.34622.214
MinimumVisualStudioVersion = 10.0.40219.1
Project("{FAE04EC0-301F-11D3-BF4B-00C04F79EFBC}") = "LibraryManagementSystem", "LibraryManagementSystem.csproj", "{2377506E-4559-49B8-BD4E-C82485CAD5E3}"
EndProject
Global
	GlobalSection(SolutionConfigurationPlatforms) = preSolution
		Debug|Any CPU = Debug|Any CPU
		Release|Any CPU = Release|Any CPU
	EndGlobalSection
	GlobalSection(ProjectConfigurationPlatforms) = postSolution
		{2377506E-4559-49B8-BD4E-C82485CAD5E3}.Debug|Any CPU.ActiveCfg = Debug|Any CPU
		{2377506E-4559-49B8-BD4E-C82485CAD5E3}.Debug|Any CPU.Build.0 = Debug|Any CPU
		{2377506E-4559-49B8-BD4E-C82485CAD5E3}.Release|Any CPU.ActiveCfg = Release|Any CPU
		{2377506E-4559-49B8-BD4E-C82485CAD5E3}.Release|Any CPU.Build.0 = Release|Any CPU
	EndGlobalSection
	GlobalSection(SolutionProperties) = preSolution
		HideSolutionNode = FALSE
	EndGlobalSection
	GlobalSection(ExtensibilityGlobals) = postSolution
		SolutionGuid = {3EF91011-CAA6-462E-BD5A-A27558BDE289}
	EndGlobalSection
EndGlobal
